
Microsoft Visual Studio Solution File, Format Version 12.00
# Visual Studio Version 17
VisualStudioVersion = 17.9.34728.123
MinimumVisualStudioVersion = 10.0.40219.1
Project("{FAE04EC0-301F-11D3-BF4B-00C04F79EFBC}") = "Test Github", "Test Github\Test Github.csproj", "{CBD08036-6687-4ACB-99C4-0ED4C7FDB982}"
EndProject
Global
	GlobalSection(SolutionConfigurationPlatforms) = preSolution
		Debug|Any CPU = Debug|Any CPU
		Release|Any CPU = Release|Any CPU
	EndGlobalSection
	GlobalSection(ProjectConfigurationPlatforms) = postSolution
		{CBD08036-6687-4ACB-99C4-0ED4C7FDB982}.Debug|Any CPU.ActiveCfg = Debug|Any CPU
		{CBD08036-6687-4ACB-99C4-0ED4C7FDB982}.Debug|Any CPU.Build.0 = Debug|Any CPU
		{CBD08036-6687-4ACB-99C4-0ED4C7FDB982}.Release|Any CPU.ActiveCfg = Release|Any CPU
		{CBD08036-6687-4ACB-99C4-0ED4C7FDB982}.Release|Any CPU.Build.0 = Release|Any CPU
	EndGlobalSection
	GlobalSection(SolutionProperties) = preSolution
		HideSolutionNode = FALSE
	EndGlobalSection
	GlobalSection(ExtensibilityGlobals) = postSolution
		SolutionGuid = {0BDA14F5-BD0E-45AA-8709-E8578045597A}
	EndGlobalSection
EndGlobal
